
Microsoft Visual Studio Solution File, Format Version 12.00
# Visual Studio Version 17
VisualStudioVersion = 17.4.33110.190
MinimumVisualStudioVersion = 10.0.40219.1
Project("{9A19103F-16F7-4668-BE54-9A1E7A4F7556}") = "Domain", "src\Domain\Domain.csproj", "{EFE1CDC5-A65B-40C2-9D27-9585F2A73F45}"
EndProject
Project("{9A19103F-16F7-4668-BE54-9A1E7A4F7556}") = "Infrastructure", "src\Infrastructure\Infrastructure.csproj", "{EEDDE98E-B36C-4247-B723-ACD086B7F452}"
EndProject
Project("{9A19103F-16F7-4668-BE54-9A1E7A4F7556}") = "WebChat", "src\WebChat\WebChat.csproj", "{F6FBFC32-F58F-4983-83AA-2D2BF3717AB6}"
EndProject
Global
	GlobalSection(SolutionConfigurationPlatforms) = preSolution
		Debug|Any CPU = Debug|Any CPU
		Release|Any CPU = Release|Any CPU
	EndGlobalSection
	GlobalSection(ProjectConfigurationPlatforms) = postSolution
		{EFE1CDC5-A65B-40C2-9D27-9585F2A73F45}.Debug|Any CPU.ActiveCfg = Debug|Any CPU
		{EFE1CDC5-A65B-40C2-9D27-9585F2A73F45}.Debug|Any CPU.Build.0 = Debug|Any CPU
		{EFE1CDC5-A65B-40C2-9D27-9585F2A73F45}.Release|Any CPU.ActiveCfg = Release|Any CPU
		{EFE1CDC5-A65B-40C2-9D27-9585F2A73F45}.Release|Any CPU.Build.0 = Release|Any CPU
		{EEDDE98E-B36C-4247-B723-ACD086B7F452}.Debug|Any CPU.ActiveCfg = Debug|Any CPU
		{EEDDE98E-B36C-4247-B723-ACD086B7F452}.Debug|Any CPU.Build.0 = Debug|Any CPU
		{EEDDE98E-B36C-4247-B723-ACD086B7F452}.Release|Any CPU.ActiveCfg = Release|Any CPU
		{EEDDE98E-B36C-4247-B723-ACD086B7F452}.Release|Any CPU.Build.0 = Release|Any CPU
		{F6FBFC32-F58F-4983-83AA-2D2BF3717AB6}.Debug|Any CPU.ActiveCfg = Debug|Any CPU
		{F6FBFC32-F58F-4983-83AA-2D2BF3717AB6}.Debug|Any CPU.Build.0 = Debug|Any CPU
		{F6FBFC32-F58F-4983-83AA-2D2BF3717AB6}.Release|Any CPU.ActiveCfg = Release|Any CPU
		{F6FBFC32-F58F-4983-83AA-2D2BF3717AB6}.Release|Any CPU.Build.0 = Release|Any CPU
	EndGlobalSection
	GlobalSection(SolutionProperties) = preSolution
		HideSolutionNode = FALSE
	EndGlobalSection
	GlobalSection(ExtensibilityGlobals) = postSolution
		SolutionGuid = {94451F33-722F-4E08-9277-3384C7F291DD}
	EndGlobalSection
EndGlobal
